
Microsoft Visual Studio Solution File, Format Version 12.00
# Visual Studio Version 16
VisualStudioVersion = 16.0.31729.503
MinimumVisualStudioVersion = 10.0.40219.1
Project("{FAE04EC0-301F-11D3-BF4B-00C04F79EFBC}") = "Creditos.Common", "Creditos.Common\Creditos.Common.csproj", "{FFA55A21-D59D-49D8-BE0D-4594C0E16A65}"
EndProject
Project("{FAE04EC0-301F-11D3-BF4B-00C04F79EFBC}") = "Creditos.API", "Creditos.API\Creditos.API.csproj", "{8C5EC839-42C6-45B0-B132-EF152486774B}"
EndProject
Global
	GlobalSection(SolutionConfigurationPlatforms) = preSolution
		Debug|Any CPU = Debug|Any CPU
		Release|Any CPU = Release|Any CPU
	EndGlobalSection
	GlobalSection(ProjectConfigurationPlatforms) = postSolution
		{FFA55A21-D59D-49D8-BE0D-4594C0E16A65}.Debug|Any CPU.ActiveCfg = Debug|Any CPU
		{FFA55A21-D59D-49D8-BE0D-4594C0E16A65}.Debug|Any CPU.Build.0 = Debug|Any CPU
		{FFA55A21-D59D-49D8-BE0D-4594C0E16A65}.Release|Any CPU.ActiveCfg = Release|Any CPU
		{FFA55A21-D59D-49D8-BE0D-4594C0E16A65}.Release|Any CPU.Build.0 = Release|Any CPU
		{8C5EC839-42C6-45B0-B132-EF152486774B}.Debug|Any CPU.ActiveCfg = Debug|Any CPU
		{8C5EC839-42C6-45B0-B132-EF152486774B}.Debug|Any CPU.Build.0 = Debug|Any CPU
		{8C5EC839-42C6-45B0-B132-EF152486774B}.Release|Any CPU.ActiveCfg = Release|Any CPU
		{8C5EC839-42C6-45B0-B132-EF152486774B}.Release|Any CPU.Build.0 = Release|Any CPU
	EndGlobalSection
	GlobalSection(SolutionProperties) = preSolution
		HideSolutionNode = FALSE
	EndGlobalSection
	GlobalSection(ExtensibilityGlobals) = postSolution
		SolutionGuid = {B56822EF-74FD-4CF3-BD5F-0D376D06F0E1}
	EndGlobalSection
EndGlobal
